<?xml version="1.0" encoding="utf-8"?>
<Project ToolsVersion="4.0" xmlns="http://schemas.microsoft.com/developer/msbuild/2003">
  <ItemGroup>
    <Filter Include="Implement">
      <UniqueIdentifier>{3f0470a6-00a2-484c-9e20-ff2f268ae8cf}</UniqueIdentifier>
    </Filter>
    <Filter Include="Math">
      <UniqueIdentifier>{a924ab8e-d472-47de-831b-f637cc1e00f7}</UniqueIdentifier>
    </Filter>
    <Filter Include="Interface">
      <UniqueIdentifier>{ca8e38e2-fbd1-481d-90c6-c77f8b5ba8db}</UniqueIdentifier>
    </Filter>
    <Filter Include="Type">
      <UniqueIdentifier>{0c079ef6-45a8-4901-aa2f-89607ef1571e}</UniqueIdentifier>
    </Filter>
    <Filter Include="Input">
      <UniqueIdentifier>{d67e177a-ba4f-4fe5-923b-8e3f3c480f35}</UniqueIdentifier>
    </Filter>
  </ItemGroup>
  <ItemGroup>
    <ClCompile Include="Impl\Impl_Button.cpp">
      <Filter>Implement</Filter>
    </ClCompile>
    <ClCompile Include="Impl\Impl_Div.cpp">
      <Filter>Implement</Filter>
    </ClCompile>
    <ClCompile Include="Impl\Impl_DragItem.cpp">
      <Filter>Implement</Filter>
    </ClCompile>
    <ClCompile Include="Math\NiVec2.cpp">
      <Filter>Math</Filter>
    </ClCompile>
    <ClCompile Include="Math\NiVec3.cpp">
      <Filter>Math</Filter>
    </ClCompile>
    <ClCompile Include="Math\NiVec4.cpp">
      <Filter>Math</Filter>
    </ClCompile>
    <ClCompile Include="Input\NiGui_Input.cpp" />
    <ClCompile Include="Interface\NiGui_IDrawer.cpp" />
    <ClCompile Include="NiGui.cpp" />
  </ItemGroup>
  <ItemGroup>
    <ClInclude Include="Math\NiVec2.h">
      <Filter>Math</Filter>
    </ClInclude>
    <ClInclude Include="Math\NiVec3.h">
      <Filter>Math</Filter>
    </ClInclude>
    <ClInclude Include="Math\NiVec4.h">
      <Filter>Math</Filter>
    </ClInclude>
    <ClInclude Include="Input\NiGui_Input.h" />
    <ClInclude Include="Interface\NiGui_IDebug.h" />
    <ClInclude Include="Interface\NiGui_IDrawer.h" />
    <ClInclude Include="NiGui.h" />
    <ClInclude Include="Type\NiGui_Enum.h" />
    <ClInclude Include="Type\NiGui_Type_Component.h" />
    <ClInclude Include="Type\NiGui_Type_Core.h" />
    <ClInclude Include="Type\NiGui_Type_Various.h" />
  </ItemGroup>
</Project>